{
    "_readme": [
        "This file locks the dependencies of your project to a known state",
        "Read more about it at https://getcomposer.org/doc/01-basic-usage.md#installing-dependencies",
        "This file is @generated automatically"
    ],
    "content-hash": "2fbb07e2ca4235fd3697113ea8135098",
    "packages": [
        {
            "name": "devker/vaults",
            "version": "v1.0.2",
            "source": {
                "type": "git",
                "url": "https://github.com/arwebcs/vaults.git",
                "reference": "ed9e81d4f40818e9e11cad7a4802184267c6a7c6"
            },
            "dist": {
                "type": "zip",
                "url": "https://api.github.com/repos/arwebcs/vaults/zipball/ed9e81d4f40818e9e11cad7a4802184267c6a7c6",
                "reference": "ed9e81d4f40818e9e11cad7a4802184267c6a7c6",
                "shasum": ""
            },
            "require": {
                "php": ">=5.6"
            },
            "require-dev": {
                "php": ">=5.6"
            },
            "type": "library",
            "autoload": {
                "psr-4": {
                    "Devker\\Vaults\\": "src/"
                }
            },
            "notification-url": "https://packagist.org/downloads/",
            "license": [
                "MIT"
            ],
            "authors": [
                {
                    "name": "Soumyanjan Dey",
                    "email": "arwebcs@gmail.com"
                }
            ],
            "description": "This is a function libraries.",
            "keywords": [
                "functions",
                "libraries",
                "vaults"
            ],
            "support": {
                "issues": "https://github.com/arwebcs/vaults/issues",
                "source": "https://github.com/arwebcs/vaults/tree/v1.0.2"
            },
            "time": "2024-03-30T15:43:11+00:00"
        }
    ],
    "packages-dev": [],
    "aliases": [],
    "minimum-stability": "stable",
    "stability-flags": [],
    "prefer-stable": false,
    "prefer-lowest": false,
    "platform": [],
    "platform-dev": [],
    "plugin-api-version": "2.6.0"
}
